
Microsoft Visual Studio Solution File, Format Version 12.00
# Visual Studio Version 16
VisualStudioVersion = 16.0.31410.357
MinimumVisualStudioVersion = 10.0.40219.1
Project("{FAE04EC0-301F-11D3-BF4B-00C04F79EFBC}") = "Voxel2Pixel", "Voxel2Pixel\Voxel2Pixel.csproj", "{F0AD51BA-C906-43B0-AC33-81E5690740BB}"
EndProject
Project("{FAE04EC0-301F-11D3-BF4B-00C04F79EFBC}") = "Voxel2PixelTest", "Voxel2PixelTest\Voxel2PixelTest.csproj", "{33A0854E-69A6-4D0C-9BAA-3E090B73BC52}"
EndProject
Global
	GlobalSection(SolutionConfigurationPlatforms) = preSolution
		Debug|Any CPU = Debug|Any CPU
		Release|Any CPU = Release|Any CPU
	EndGlobalSection
	GlobalSection(ProjectConfigurationPlatforms) = postSolution
		{F0AD51BA-C906-43B0-AC33-81E5690740BB}.Debug|Any CPU.ActiveCfg = Debug|Any CPU
		{F0AD51BA-C906-43B0-AC33-81E5690740BB}.Debug|Any CPU.Build.0 = Debug|Any CPU
		{F0AD51BA-C906-43B0-AC33-81E5690740BB}.Release|Any CPU.ActiveCfg = Release|Any CPU
		{F0AD51BA-C906-43B0-AC33-81E5690740BB}.Release|Any CPU.Build.0 = Release|Any CPU
		{33A0854E-69A6-4D0C-9BAA-3E090B73BC52}.Debug|Any CPU.ActiveCfg = Debug|Any CPU
		{33A0854E-69A6-4D0C-9BAA-3E090B73BC52}.Debug|Any CPU.Build.0 = Debug|Any CPU
		{33A0854E-69A6-4D0C-9BAA-3E090B73BC52}.Release|Any CPU.ActiveCfg = Release|Any CPU
		{33A0854E-69A6-4D0C-9BAA-3E090B73BC52}.Release|Any CPU.Build.0 = Release|Any CPU
	EndGlobalSection
	GlobalSection(SolutionProperties) = preSolution
		HideSolutionNode = FALSE
	EndGlobalSection
	GlobalSection(ExtensibilityGlobals) = postSolution
		SolutionGuid = {1B425482-87B2-45E8-8D4C-F8501A342E21}
	EndGlobalSection
EndGlobal
